
Microsoft Visual Studio Solution File, Format Version 12.00
# Visual Studio Version 17
VisualStudioVersion = 17.0.32014.148
MinimumVisualStudioVersion = 10.0.40219.1
Project("{FAE04EC0-301F-11D3-BF4B-00C04F79EFBC}") = "vai ter copa", "vai ter copa.csproj", "{C723A596-0824-43C7-A344-2303F34C48E7}"
EndProject
Global
	GlobalSection(SolutionConfigurationPlatforms) = preSolution
		Debug|Any CPU = Debug|Any CPU
		Release|Any CPU = Release|Any CPU
	EndGlobalSection
	GlobalSection(ProjectConfigurationPlatforms) = postSolution
		{C723A596-0824-43C7-A344-2303F34C48E7}.Debug|Any CPU.ActiveCfg = Debug|Any CPU
		{C723A596-0824-43C7-A344-2303F34C48E7}.Debug|Any CPU.Build.0 = Debug|Any CPU
		{C723A596-0824-43C7-A344-2303F34C48E7}.Release|Any CPU.ActiveCfg = Release|Any CPU
		{C723A596-0824-43C7-A344-2303F34C48E7}.Release|Any CPU.Build.0 = Release|Any CPU
	EndGlobalSection
	GlobalSection(SolutionProperties) = preSolution
		HideSolutionNode = FALSE
	EndGlobalSection
	GlobalSection(ExtensibilityGlobals) = postSolution
		SolutionGuid = {62F1ECFD-ADCA-4C01-8E47-8041C3619731}
	EndGlobalSection
EndGlobal
